// !$*UTF8*$!
{
	archiveVersion = 1;
	classes = {
	};
	objectVersion = 50;
	objects = {

/* Begin PBXBuildFile section */
		465C0FE22223EC3F0091EA38 /* AppDelegate.swift in Sources */ = {isa = PBXBuildFile; fileRef = 465C0FE12223EC3F0091EA38 /* AppDelegate.swift */; };
		465C0FE42223EC3F0091EA38 /* RootViewController.swift in Sources */ = {isa = PBXBuildFile; fileRef = 465C0FE32223EC3F0091EA38 /* RootViewController.swift */; };
		465C0FE62223EC3F0091EA38 /* DataViewController.swift in Sources */ = {isa = PBXBuildFile; fileRef = 465C0FE52223EC3F0091EA38 /* DataViewController.swift */; };
		465C0FE82223EC3F0091EA38 /* ModelController.swift in Sources */ = {isa = PBXBuildFile; fileRef = 465C0FE72223EC3F0091EA38 /* ModelController.swift */; };
		465C0FEB2223EC3F0091EA38 /* Main.storyboard in Resources */ = {isa = PBXBuildFile; fileRef = 465C0FE92223EC3F0091EA38 /* Main.storyboard */; };
		465C0FED2223EC410091EA38 /* Assets.xcassets in Resources */ = {isa = PBXBuildFile; fileRef = 465C0FEC2223EC410091EA38 /* Assets.xcassets */; };
		465C0FF02223EC410091EA38 /* LaunchScreen.storyboard in Resources */ = {isa = PBXBuildFile; fileRef = 465C0FEE2223EC410091EA38 /* LaunchScreen.storyboard */; };
		465C0FF82223EF440091EA38 /* DataSource.swift in Sources */ = {isa = PBXBuildFile; fileRef = 465C0FF72223EF440091EA38 /* DataSource.swift */; };
		465C0FFA222404D00091EA38 /* WelcomeViewController.swift in Sources */ = {isa = PBXBuildFile; fileRef = 465C0FF9222404D00091EA38 /* WelcomeViewController.swift */; };
		465C0FFC22242A4A0091EA38 /* GiftViewController.swift in Sources */ = {isa = PBXBuildFile; fileRef = 465C0FFB22242A4A0091EA38 /* GiftViewController.swift */; };
		5A2C3979F8B8B3476982CA3F /* Pods_EightMarchDraniki.framework in Frameworks */ = {isa = PBXBuildFile; fileRef = 5B9468C56F7D6F30CBD9850E /* Pods_EightMarchDraniki.framework */; };
/* End PBXBuildFile section */

/* Begin PBXFileReference section */
		1E2EFFD3CB6DFCCCF85FF0B3 /* Pods-EightMarchDraniki.release.xcconfig */ = {isa = PBXFileReference; includeInIndex = 1; lastKnownFileType = text.xcconfig; name = "Pods-EightMarchDraniki.release.xcconfig"; path = "Pods/Target Support Files/Pods-EightMarchDraniki/Pods-EightMarchDraniki.release.xcconfig"; sourceTree = "<group>"; };
		465C0FDE2223EC3F0091EA38 /* EightMarchDraniki.app */ = {isa = PBXFileReference; explicitFileType = wrapper.application; includeInIndex = 0; path = EightMarchDraniki.app; sourceTree = BUILT_PRODUCTS_DIR; };
		465C0FE12223EC3F0091EA38 /* AppDelegate.swift */ = {isa = PBXFileReference; lastKnownFileType = sourcecode.swift; path = AppDelegate.swift; sourceTree = "<group>"; };
		465C0FE32223EC3F0091EA38 /* RootViewController.swift */ = {isa = PBXFileReference; lastKnownFileType = sourcecode.swift; path = RootViewController.swift; sourceTree = "<group>"; };
		465C0FE52223EC3F0091EA38 /* DataViewController.swift */ = {isa = PBXFileReference; lastKnownFileType = sourcecode.swift; path = DataViewController.swift; sourceTree = "<group>"; };
		465C0FE72223EC3F0091EA38 /* ModelController.swift */ = {isa = PBXFileReference; lastKnownFileType = sourcecode.swift; path = ModelController.swift; sourceTree = "<group>"; };
		465C0FEA2223EC3F0091EA38 /* Base */ = {isa = PBXFileReference; lastKnownFileType = file.storyboard; name = Base; path = Base.lproj/Main.storyboard; sourceTree = "<group>"; };
		465C0FEC2223EC410091EA38 /* Assets.xcassets */ = {isa = PBXFileReference; lastKnownFileType = folder.assetcatalog; path = Assets.xcassets; sourceTree = "<group>"; };
		465C0FEF2223EC410091EA38 /* Base */ = {isa = PBXFileReference; lastKnownFileType = file.storyboard; name = Base; path = Base.lproj/LaunchScreen.storyboard; sourceTree = "<group>"; };
		465C0FF12223EC410091EA38 /* Info.plist */ = {isa = PBXFileReference; lastKnownFileType = text.plist.xml; path = Info.plist; sourceTree = "<group>"; };
		465C0FF72223EF440091EA38 /* DataSource.swift */ = {isa = PBXFileReference; lastKnownFileType = sourcecode.swift; path = DataSource.swift; sourceTree = "<group>"; };
		465C0FF9222404D00091EA38 /* WelcomeViewController.swift */ = {isa = PBXFileReference; lastKnownFileType = sourcecode.swift; path = WelcomeViewController.swift; sourceTree = "<group>"; };
		465C0FFB22242A4A0091EA38 /* GiftViewController.swift */ = {isa = PBXFileReference; lastKnownFileType = sourcecode.swift; path = GiftViewController.swift; sourceTree = "<group>"; };
		5B9468C56F7D6F30CBD9850E /* Pods_EightMarchDraniki.framework */ = {isa = PBXFileReference; explicitFileType = wrapper.framework; includeInIndex = 0; path = Pods_EightMarchDraniki.framework; sourceTree = BUILT_PRODUCTS_DIR; };
		AFA8F07F0B1B0DE4A763A6D8 /* Pods-EightMarchDraniki.debug.xcconfig */ = {isa = PBXFileReference; includeInIndex = 1; lastKnownFileType = text.xcconfig; name = "Pods-EightMarchDraniki.debug.xcconfig"; path = "Pods/Target Support Files/Pods-EightMarchDraniki/Pods-EightMarchDraniki.debug.xcconfig"; sourceTree = "<group>"; };
/* End PBXFileReference section */

/* Begin PBXFrameworksBuildPhase section */
		465C0FDB2223EC3F0091EA38 /* Frameworks */ = {
			isa = PBXFrameworksBuildPhase;
			buildActionMask = 2147483647;
			files = (
				5A2C3979F8B8B3476982CA3F /* Pods_EightMarchDraniki.framework in Frameworks */,
			);
			runOnlyForDeploymentPostprocessing = 0;
		};
/* End PBXFrameworksBuildPhase section */

/* Begin PBXGroup section */
		465C0FD52223EC3F0091EA38 = {
			isa = PBXGroup;
			children = (
				465C0FE02223EC3F0091EA38 /* EightMarchDraniki */,
				465C0FDF2223EC3F0091EA38 /* Products */,
				981E63F1F57124359DF2CA22 /* Pods */,
				708D653A2DD26627936B82C3 /* Frameworks */,
			);
			sourceTree = "<group>";
		};
		465C0FDF2223EC3F0091EA38 /* Products */ = {
			isa = PBXGroup;
			children = (
				465C0FDE2223EC3F0091EA38 /* EightMarchDraniki.app */,
			);
			name = Products;
			sourceTree = "<group>";
		};
		465C0FE02223EC3F0091EA38 /* EightMarchDraniki */ = {
			isa = PBXGroup;
			children = (
				465C0FE12223EC3F0091EA38 /* AppDelegate.swift */,
				465C0FE32223EC3F0091EA38 /* RootViewController.swift */,
				465C0FE52223EC3F0091EA38 /* DataViewController.swift */,
				465C0FE72223EC3F0091EA38 /* ModelController.swift */,
				465C0FE92223EC3F0091EA38 /* Main.storyboard */,
				465C0FEC2223EC410091EA38 /* Assets.xcassets */,
				465C0FEE2223EC410091EA38 /* LaunchScreen.storyboard */,
				465C0FF12223EC410091EA38 /* Info.plist */,
				465C0FF72223EF440091EA38 /* DataSource.swift */,
				465C0FF9222404D00091EA38 /* WelcomeViewController.swift */,
				465C0FFB22242A4A0091EA38 /* GiftViewController.swift */,
			);
			path = EightMarchDraniki;
			sourceTree = "<group>";
		};
		708D653A2DD26627936B82C3 /* Frameworks */ = {
			isa = PBXGroup;
			children = (
				5B9468C56F7D6F30CBD9850E /* Pods_EightMarchDraniki.framework */,
			);
			name = Frameworks;
			sourceTree = "<group>";
		};
		981E63F1F57124359DF2CA22 /* Pods */ = {
			isa = PBXGroup;
			children = (
				AFA8F07F0B1B0DE4A763A6D8 /* Pods-EightMarchDraniki.debug.xcconfig */,
				1E2EFFD3CB6DFCCCF85FF0B3 /* Pods-EightMarchDraniki.release.xcconfig */,
			);
			name = Pods;
			sourceTree = "<group>";
		};
/* End PBXGroup section */

/* Begin PBXNativeTarget section */
		465C0FDD2223EC3F0091EA38 /* EightMarchDraniki */ = {
			isa = PBXNativeTarget;
			buildConfigurationList = 465C0FF42223EC410091EA38 /* Build configuration list for PBXNativeTarget "EightMarchDraniki" */;
			buildPhases = (
				7ECAEEE5D3C94AD25729FC20 /* [CP] Check Pods Manifest.lock */,
				465C0FDA2223EC3F0091EA38 /* Sources */,
				465C0FDB2223EC3F0091EA38 /* Frameworks */,
				465C0FDC2223EC3F0091EA38 /* Resources */,
			);
			buildRules = (
			);
			dependencies = (
			);
			name = EightMarchDraniki;
			productName = EightMarchDraniki;
			productReference = 465C0FDE2223EC3F0091EA38 /* EightMarchDraniki.app */;
			productType = "com.apple.product-type.application";
		};
/* End PBXNativeTarget section */

/* Begin PBXProject section */
		465C0FD62223EC3F0091EA38 /* Project object */ = {
			isa = PBXProject;
			attributes = {
				LastSwiftUpdateCheck = 1010;
				LastUpgradeCheck = 1010;
				ORGANIZATIONNAME = "Dmitry Afanasyev";
				TargetAttributes = {
					465C0FDD2223EC3F0091EA38 = {
						CreatedOnToolsVersion = 10.1;
					};
				};
			};
			buildConfigurationList = 465C0FD92223EC3F0091EA38 /* Build configuration list for PBXProject "EightMarchDraniki" */;
			compatibilityVersion = "Xcode 9.3";
			developmentRegion = en;
			hasScannedForEncodings = 0;
			knownRegions = (
				en,
				Base,
			);
			mainGroup = 465C0FD52223EC3F0091EA38;
			productRefGroup = 465C0FDF2223EC3F0091EA38 /* Products */;
			projectDirPath = "";
			projectRoot = "";
			targets = (
				465C0FDD2223EC3F0091EA38 /* EightMarchDraniki */,
			);
		};
/* End PBXProject section */

/* Begin PBXResourcesBuildPhase section */
		465C0FDC2223EC3F0091EA38 /* Resources */ = {
			isa = PBXResourcesBuildPhase;
			buildActionMask = 2147483647;
			files = (
				465C0FF02223EC410091EA38 /* LaunchScreen.storyboard in Resources */,
				465C0FED2223EC410091EA38 /* Assets.xcassets in Resources */,
				465C0FEB2223EC3F0091EA38 /* Main.storyboard in Resources */,
			);
			runOnlyForDeploymentPostprocessing = 0;
		};
/* End PBXResourcesBuildPhase section */

/* Begin PBXShellScriptBuildPhase section */
		7ECAEEE5D3C94AD25729FC20 /* [CP] Check Pods Manifest.lock */ = {
			isa = PBXShellScriptBuildPhase;
			buildActionMask = 2147483647;
			files = (
			);
			inputFileListPaths = (
			);
			inputPaths = (
				"${PODS_PODFILE_DIR_PATH}/Podfile.lock",
				"${PODS_ROOT}/Manifest.lock",
			);
			name = "[CP] Check Pods Manifest.lock";
			outputFileListPaths = (
			);
			outputPaths = (
				"$(DERIVED_FILE_DIR)/Pods-EightMarchDraniki-checkManifestLockResult.txt",
			);
			runOnlyForDeploymentPostprocessing = 0;
			shellPath = /bin/sh;
			shellScript = "diff \"${PODS_PODFILE_DIR_PATH}/Podfile.lock\" \"${PODS_ROOT}/Manifest.lock\" > /dev/null\nif [ $? != 0 ] ; then\n    # print error to STDERR\n    echo \"error: The sandbox is not in sync with the Podfile.lock. Run 'pod install' or update your CocoaPods installation.\" >&2\n    exit 1\nfi\n# This output is used by Xcode 'outputs' to avoid re-running this script phase.\necho \"SUCCESS\" > \"${SCRIPT_OUTPUT_FILE_0}\"\n";
			showEnvVarsInLog = 0;
		};
/* End PBXShellScriptBuildPhase section */

/* Begin PBXSourcesBuildPhase section */
		465C0FDA2223EC3F0091EA38 /* Sources */ = {
			isa = PBXSourcesBuildPhase;
			buildActionMask = 2147483647;
			files = (
				465C0FE42223EC3F0091EA38 /* RootViewController.swift in Sources */,
				465C0FE82223EC3F0091EA38 /* ModelController.swift in Sources */,
				465C0FE62223EC3F0091EA38 /* DataViewController.swift in Sources */,
				465C0FFA222404D00091EA38 /* WelcomeViewController.swift in Sources */,
				465C0FF82223EF440091EA38 /* DataSource.swift in Sources */,
				465C0FFC22242A4A0091EA38 /* GiftViewController.swift in Sources */,
				465C0FE22223EC3F0091EA38 /* AppDelegate.swift in Sources */,
			);
			runOnlyForDeploymentPostprocessing = 0;
		};
/* End PBXSourcesBuildPhase section */

/* Begin PBXVariantGroup section */
		465C0FE92223EC3F0091EA38 /* Main.storyboard */ = {
			isa = PBXVariantGroup;
			children = (
				465C0FEA2223EC3F0091EA38 /* Base */,
			);
			name = Main.storyboard;
			sourceTree = "<group>";
		};
		465C0FEE2223EC410091EA38 /* LaunchScreen.storyboard */ = {
			isa = PBXVariantGroup;
			children = (
				465C0FEF2223EC410091EA38 /* Base */,
			);
			name = LaunchScreen.storyboard;
			sourceTree = "<group>";
		};
/* End PBXVariantGroup section */

/* Begin XCBuildConfiguration section */
		465C0FF22223EC410091EA38 /* Debug */ = {
			isa = XCBuildConfiguration;
			buildSettings = {
				ALWAYS_SEARCH_USER_PATHS = NO;
				CLANG_ANALYZER_NONNULL = YES;
				CLANG_ANALYZER_NUMBER_OBJECT_CONVERSION = YES_AGGRESSIVE;
				CLANG_CXX_LANGUAGE_STANDARD = "gnu++14";
				CLANG_CXX_LIBRARY = "libc++";
				CLANG_ENABLE_MODULES = YES;
				CLANG_ENABLE_OBJC_ARC = YES;
				CLANG_ENABLE_OBJC_WEAK = YES;
				CLANG_WARN_BLOCK_CAPTURE_AUTORELEASING = YES;
				CLANG_WARN_BOOL_CONVERSION = YES;
				CLANG_WARN_COMMA = YES;
				CLANG_WARN_CONSTANT_CONVERSION = YES;
				CLANG_WARN_DEPRECATED_OBJC_IMPLEMENTATIONS = YES;
				CLANG_WARN_DIRECT_OBJC_ISA_USAGE = YES_ERROR;
				CLANG_WARN_DOCUMENTATION_COMMENTS = YES;
				CLANG_WARN_EMPTY_BODY = YES;
				CLANG_WARN_ENUM_CONVERSION = YES;
				CLANG_WARN_INFINITE_RECURSION = YES;
				CLANG_WARN_INT_CONVERSION = YES;
				CLANG_WARN_NON_LITERAL_NULL_CONVERSION = YES;
				CLANG_WARN_OBJC_IMPLICIT_RETAIN_SELF = YES;
				CLANG_WARN_OBJC_LITERAL_CONVERSION = YES;
				CLANG_WARN_OBJC_ROOT_CLASS = YES_ERROR;
				CLANG_WARN_RANGE_LOOP_ANALYSIS = YES;
				CLANG_WARN_STRICT_PROTOTYPES = YES;
				CLANG_WARN_SUSPICIOUS_MOVE = YES;
				CLANG_WARN_UNGUARDED_AVAILABILITY = YES_AGGRESSIVE;
				CLANG_WARN_UNREACHABLE_CODE = YES;
				CLANG_WARN__DUPLICATE_METHOD_MATCH = YES;
				CODE_SIGN_IDENTITY = "iPhone Developer";
				COPY_PHASE_STRIP = NO;
				DEBUG_INFORMATION_FORMAT = dwarf;
				ENABLE_STRICT_OBJC_MSGSEND = YES;
				ENABLE_TESTABILITY = YES;
				GCC_C_LANGUAGE_STANDARD = gnu11;
				GCC_DYNAMIC_NO_PIC = NO;
				GCC_NO_COMMON_BLOCKS = YES;
				GCC_OPTIMIZATION_LEVEL = 0;
				GCC_PREPROCESSOR_DEFINITIONS = (
					"DEBUG=1",
					"$(inherited)",
				);
				GCC_WARN_64_TO_32_BIT_CONVERSION = YES;
				GCC_WARN_ABOUT_RETURN_TYPE = YES_ERROR;
				GCC_WARN_UNDECLARED_SELECTOR = YES;
				GCC_WARN_UNINITIALIZED_AUTOS = YES_AGGRESSIVE;
				GCC_WARN_UNUSED_FUNCTION = YES;
				GCC_WARN_UNUSED_VARIABLE = YES;
				IPHONEOS_DEPLOYMENT_TARGET = 12.1;
				MTL_ENABLE_DEBUG_INFO = INCLUDE_SOURCE;
				MTL_FAST_MATH = YES;
				ONLY_ACTIVE_ARCH = YES;
				SDKROOT = iphoneos;
				SWIFT_ACTIVE_COMPILATION_CONDITIONS = DEBUG;
				SWIFT_OPTIMIZATION_LEVEL = "-Onone";
			};
			name = Debug;
		};
		465C0FF32223EC410091EA38 /* Release */ = {
			isa = XCBuildConfiguration;
			buildSettings = {
				ALWAYS_SEARCH_USER_PATHS = NO;
				CLANG_ANALYZER_NONNULL = YES;
				CLANG_ANALYZER_NUMBER_OBJECT_CONVERSION = YES_AGGRESSIVE;
				CLANG_CXX_LANGUAGE_STANDARD = "gnu++14";
				CLANG_CXX_LIBRARY = "libc++";
				CLANG_ENABLE_MODULES = YES;
				CLANG_ENABLE_OBJC_ARC = YES;
				CLANG_ENABLE_OBJC_WEAK = YES;
				CLANG_WARN_BLOCK_CAPTURE_AUTORELEASING = YES;
				CLANG_WARN_BOOL_CONVERSION = YES;
				CLANG_WARN_COMMA = YES;
				CLANG_WARN_CONSTANT_CONVERSION = YES;
				CLANG_WARN_DEPRECATED_OBJC_IMPLEMENTATIONS = YES;
				CLANG_WARN_DIRECT_OBJC_ISA_USAGE = YES_ERROR;
				CLANG_WARN_DOCUMENTATION_COMMENTS = YES;
				CLANG_WARN_EMPTY_BODY = YES;
				CLANG_WARN_ENUM_CONVERSION = YES;
				CLANG_WARN_INFINITE_RECURSION = YES;
				CLANG_WARN_INT_CONVERSION = YES;
				CLANG_WARN_NON_LITERAL_NULL_CONVERSION = YES;
				CLANG_WARN_OBJC_IMPLICIT_RETAIN_SELF = YES;
				CLANG_WARN_OBJC_LITERAL_CONVERSION = YES;
				CLANG_WARN_OBJC_ROOT_CLASS = YES_ERROR;
				CLANG_WARN_RANGE_LOOP_ANALYSIS = YES;
				CLANG_WARN_STRICT_PROTOTYPES = YES;
				CLANG_WARN_SUSPICIOUS_MOVE = YES;
				CLANG_WARN_UNGUARDED_AVAILABILITY = YES_AGGRESSIVE;
				CLANG_WARN_UNREACHABLE_CODE = YES;
				CLANG_WARN__DUPLICATE_METHOD_MATCH = YES;
				CODE_SIGN_IDENTITY = "iPhone Developer";
				COPY_PHASE_STRIP = NO;
				DEBUG_INFORMATION_FORMAT = "dwarf-with-dsym";
				ENABLE_NS_ASSERTIONS = NO;
				ENABLE_STRICT_OBJC_MSGSEND = YES;
				GCC_C_LANGUAGE_STANDARD = gnu11;
				GCC_NO_COMMON_BLOCKS = YES;
				GCC_WARN_64_TO_32_BIT_CONVERSION = YES;
				GCC_WARN_ABOUT_RETURN_TYPE = YES_ERROR;
				GCC_WARN_UNDECLARED_SELECTOR = YES;
				GCC_WARN_UNINITIALIZED_AUTOS = YES_AGGRESSIVE;
				GCC_WARN_UNUSED_FUNCTION = YES;
				GCC_WARN_UNUSED_VARIABLE = YES;
				IPHONEOS_DEPLOYMENT_TARGET = 12.1;
				MTL_ENABLE_DEBUG_INFO = NO;
				MTL_FAST_MATH = YES;
				SDKROOT = iphoneos;
				SWIFT_COMPILATION_MODE = wholemodule;
				SWIFT_OPTIMIZATION_LEVEL = "-O";
				VALIDATE_PRODUCT = YES;
			};
			name = Release;
		};
		465C0FF52223EC410091EA38 /* Debug */ = {
			isa = XCBuildConfiguration;
			baseConfigurationReference = AFA8F07F0B1B0DE4A763A6D8 /* Pods-EightMarchDraniki.debug.xcconfig */;
			buildSettings = {
				ASSETCATALOG_COMPILER_APPICON_NAME = AppIcon;
				CODE_SIGN_STYLE = Manual;
				DEVELOPMENT_TEAM = 9NVSBC8JNJ;
				INFOPLIST_FILE = EightMarchDraniki/Info.plist;
				IPHONEOS_DEPLOYMENT_TARGET = 11.0;
				LD_RUNPATH_SEARCH_PATHS = (
					"$(inherited)",
					"@executable_path/Frameworks",
				);
				PRODUCT_BUNDLE_IDENTIFIER = com.chamberlain.EightMarchDraniki;
				PRODUCT_NAME = "$(TARGET_NAME)";
				PROVISIONING_PROFILE_SPECIFIER = "Coherent Wildcard";
				SWIFT_VERSION = 4.2;
				TARGETED_DEVICE_FAMILY = 1;
			};
			name = Debug;
		};
		465C0FF62223EC410091EA38 /* Release */ = {
			isa = XCBuildConfiguration;
			baseConfigurationReference = 1E2EFFD3CB6DFCCCF85FF0B3 /* Pods-EightMarchDraniki.release.xcconfig */;
			buildSettings = {
				ASSETCATALOG_COMPILER_APPICON_NAME = AppIcon;
				CODE_SIGN_IDENTITY = "iPhone Developer";
				CODE_SIGN_STYLE = Manual;
				DEVELOPMENT_TEAM = 9NVSBC8JNJ;
				INFOPLIST_FILE = EightMarchDraniki/Info.plist;
				IPHONEOS_DEPLOYMENT_TARGET = 11.0;
				LD_RUNPATH_SEARCH_PATHS = (
					"$(inherited)",
					"@executable_path/Frameworks",
				);
				PRODUCT_BUNDLE_IDENTIFIER = com.chamberlain.EightMarchDraniki;
				PRODUCT_NAME = "$(TARGET_NAME)";
				PROVISIONING_PROFILE_SPECIFIER = "Coherent Wildcard";
				SWIFT_VERSION = 4.2;
				TARGETED_DEVICE_FAMILY = 1;
			};
			name = Release;
		};
/* End XCBuildConfiguration section */

/* Begin XCConfigurationList section */
		465C0FD92223EC3F0091EA38 /* Build configuration list for PBXProject "EightMarchDraniki" */ = {
			isa = XCConfigurationList;
			buildConfigurations = (
				465C0FF22223EC410091EA38 /* Debug */,
				465C0FF32223EC410091EA38 /* Release */,
			);
			defaultConfigurationIsVisible = 0;
			defaultConfigurationName = Release;
		};
		465C0FF42223EC410091EA38 /* Build configuration list for PBXNativeTarget "EightMarchDraniki" */ = {
			isa = XCConfigurationList;
			buildConfigurations = (
				465C0FF52223EC410091EA38 /* Debug */,
				465C0FF62223EC410091EA38 /* Release */,
			);
			defaultConfigurationIsVisible = 0;
			defaultConfigurationName = Release;
		};
/* End XCConfigurationList section */
	};
	rootObject = 465C0FD62223EC3F0091EA38 /* Project object */;
}
